
Microsoft Visual Studio Solution File, Format Version 12.00
# Visual Studio Version 16
VisualStudioVersion = 16.0.31702.278
MinimumVisualStudioVersion = 10.0.40219.1
Project("{FAE04EC0-301F-11D3-BF4B-00C04F79EFBC}") = "MainAPI", "MainAPI\MainAPI.csproj", "{F1904698-7BEB-436C-8BC1-58EFE57FCED2}"
EndProject
Project("{FAE04EC0-301F-11D3-BF4B-00C04F79EFBC}") = "MainAPI.Models", "MainAPI.Model\MainAPI.Models.csproj", "{F03F87EC-9345-49BF-B6F1-2E6AB94F85F6}"
EndProject
Project("{FAE04EC0-301F-11D3-BF4B-00C04F79EFBC}") = "MainAPI.Business", "MainAPI.Business\MainAPI.Business.csproj", "{D6D69B76-825C-4FE7-8C51-3529CB2BC809}"
EndProject
Project("{FAE04EC0-301F-11D3-BF4B-00C04F79EFBC}") = "MainAPI.Data", "MainAPI.Data\MainAPI.Data.csproj", "{F17247FA-7DDC-4835-9A03-0C880768A3FD}"
EndProject
Project("{FAE04EC0-301F-11D3-BF4B-00C04F79EFBC}") = "MainAPI.Services", "MainAPI.Services\MainAPI.Services.csproj", "{588D510E-DC89-4BF1-A3B1-714754C9FB5D}"
EndProject
Global
	GlobalSection(SolutionConfigurationPlatforms) = preSolution
		Debug|Any CPU = Debug|Any CPU
		Release|Any CPU = Release|Any CPU
	EndGlobalSection
	GlobalSection(ProjectConfigurationPlatforms) = postSolution
		{F1904698-7BEB-436C-8BC1-58EFE57FCED2}.Debug|Any CPU.ActiveCfg = Debug|Any CPU
		{F1904698-7BEB-436C-8BC1-58EFE57FCED2}.Debug|Any CPU.Build.0 = Debug|Any CPU
		{F1904698-7BEB-436C-8BC1-58EFE57FCED2}.Release|Any CPU.ActiveCfg = Release|Any CPU
		{F1904698-7BEB-436C-8BC1-58EFE57FCED2}.Release|Any CPU.Build.0 = Release|Any CPU
		{F03F87EC-9345-49BF-B6F1-2E6AB94F85F6}.Debug|Any CPU.ActiveCfg = Debug|Any CPU
		{F03F87EC-9345-49BF-B6F1-2E6AB94F85F6}.Debug|Any CPU.Build.0 = Debug|Any CPU
		{F03F87EC-9345-49BF-B6F1-2E6AB94F85F6}.Release|Any CPU.ActiveCfg = Release|Any CPU
		{F03F87EC-9345-49BF-B6F1-2E6AB94F85F6}.Release|Any CPU.Build.0 = Release|Any CPU
		{D6D69B76-825C-4FE7-8C51-3529CB2BC809}.Debug|Any CPU.ActiveCfg = Debug|Any CPU
		{D6D69B76-825C-4FE7-8C51-3529CB2BC809}.Debug|Any CPU.Build.0 = Debug|Any CPU
		{D6D69B76-825C-4FE7-8C51-3529CB2BC809}.Release|Any CPU.ActiveCfg = Release|Any CPU
		{D6D69B76-825C-4FE7-8C51-3529CB2BC809}.Release|Any CPU.Build.0 = Release|Any CPU
		{F17247FA-7DDC-4835-9A03-0C880768A3FD}.Debug|Any CPU.ActiveCfg = Debug|Any CPU
		{F17247FA-7DDC-4835-9A03-0C880768A3FD}.Debug|Any CPU.Build.0 = Debug|Any CPU
		{F17247FA-7DDC-4835-9A03-0C880768A3FD}.Release|Any CPU.ActiveCfg = Release|Any CPU
		{F17247FA-7DDC-4835-9A03-0C880768A3FD}.Release|Any CPU.Build.0 = Release|Any CPU
		{588D510E-DC89-4BF1-A3B1-714754C9FB5D}.Debug|Any CPU.ActiveCfg = Debug|Any CPU
		{588D510E-DC89-4BF1-A3B1-714754C9FB5D}.Debug|Any CPU.Build.0 = Debug|Any CPU
		{588D510E-DC89-4BF1-A3B1-714754C9FB5D}.Release|Any CPU.ActiveCfg = Release|Any CPU
		{588D510E-DC89-4BF1-A3B1-714754C9FB5D}.Release|Any CPU.Build.0 = Release|Any CPU
	EndGlobalSection
	GlobalSection(SolutionProperties) = preSolution
		HideSolutionNode = FALSE
	EndGlobalSection
	GlobalSection(ExtensibilityGlobals) = postSolution
		SolutionGuid = {7F00FEA2-D1EC-4A34-AA35-2CC1A6DE3B67}
	EndGlobalSection
EndGlobal
